
Microsoft Visual Studio Solution File, Format Version 11.00
# Visual Studio 2010
Project("{FAE04EC0-301F-11D3-BF4B-00C04F79EFBC}") = "GoogleVoice.NET", "GoogleVoice.NET.csproj", "{8D48CFE5-66E8-4287-86A5-BF631AC9FD24}"
EndProject
Project("{FAE04EC0-301F-11D3-BF4B-00C04F79EFBC}") = "Google.Voice", "..\Google.Voice.Service\Google.Voice.csproj", "{5391A007-087E-4BFF-8101-6F53F3220E61}"
EndProject
Global
	GlobalSection(SolutionConfigurationPlatforms) = preSolution
		Debug|Any CPU = Debug|Any CPU
		Release|Any CPU = Release|Any CPU
	EndGlobalSection
	GlobalSection(ProjectConfigurationPlatforms) = postSolution
		{8D48CFE5-66E8-4287-86A5-BF631AC9FD24}.Debug|Any CPU.ActiveCfg = Debug|Any CPU
		{8D48CFE5-66E8-4287-86A5-BF631AC9FD24}.Debug|Any CPU.Build.0 = Debug|Any CPU
		{8D48CFE5-66E8-4287-86A5-BF631AC9FD24}.Release|Any CPU.ActiveCfg = Release|Any CPU
		{8D48CFE5-66E8-4287-86A5-BF631AC9FD24}.Release|Any CPU.Build.0 = Release|Any CPU
		{5391A007-087E-4BFF-8101-6F53F3220E61}.Debug|Any CPU.ActiveCfg = Debug|Any CPU
		{5391A007-087E-4BFF-8101-6F53F3220E61}.Debug|Any CPU.Build.0 = Debug|Any CPU
		{5391A007-087E-4BFF-8101-6F53F3220E61}.Release|Any CPU.ActiveCfg = Release|Any CPU
		{5391A007-087E-4BFF-8101-6F53F3220E61}.Release|Any CPU.Build.0 = Release|Any CPU
	EndGlobalSection
	GlobalSection(SolutionProperties) = preSolution
		HideSolutionNode = FALSE
	EndGlobalSection
EndGlobal
